// !$*UTF8*$!
{
	archiveVersion = 1;
	classes = {
	};
	objectVersion = 46;
	objects = {

/* Begin PBXBuildFile section */
		D1155374194F428800ADAEBA /* Foundation.framework in Frameworks */ = {isa = PBXBuildFile; fileRef = D1155373194F428800ADAEBA /* Foundation.framework */; };
		D1155376194F428800ADAEBA /* CoreGraphics.framework in Frameworks */ = {isa = PBXBuildFile; fileRef = D1155375194F428800ADAEBA /* CoreGraphics.framework */; };
		D1155378194F428800ADAEBA /* UIKit.framework in Frameworks */ = {isa = PBXBuildFile; fileRef = D1155377194F428800ADAEBA /* UIKit.framework */; };
		D115537E194F428800ADAEBA /* InfoPlist.strings in Resources */ = {isa = PBXBuildFile; fileRef = D115537C194F428800ADAEBA /* InfoPlist.strings */; };
		D1155380194F428800ADAEBA /* main.m in Sources */ = {isa = PBXBuildFile; fileRef = D115537F194F428800ADAEBA /* main.m */; };
		D1155384194F428800ADAEBA /* DLAppDelegate.m in Sources */ = {isa = PBXBuildFile; fileRef = D1155383194F428800ADAEBA /* DLAppDelegate.m */; };
		D1155387194F428800ADAEBA /* Main.storyboard in Resources */ = {isa = PBXBuildFile; fileRef = D1155385194F428800ADAEBA /* Main.storyboard */; };
		D115538A194F428800ADAEBA /* DLDismissableViewController.m in Sources */ = {isa = PBXBuildFile; fileRef = D1155389194F428800ADAEBA /* DLDismissableViewController.m */; };
		D115538C194F428800ADAEBA /* Images.xcassets in Resources */ = {isa = PBXBuildFile; fileRef = D115538B194F428800ADAEBA /* Images.xcassets */; };
		D1155393194F428800ADAEBA /* XCTest.framework in Frameworks */ = {isa = PBXBuildFile; fileRef = D1155392194F428800ADAEBA /* XCTest.framework */; };
		D1155394194F428800ADAEBA /* Foundation.framework in Frameworks */ = {isa = PBXBuildFile; fileRef = D1155373194F428800ADAEBA /* Foundation.framework */; };
		D1155395194F428800ADAEBA /* UIKit.framework in Frameworks */ = {isa = PBXBuildFile; fileRef = D1155377194F428800ADAEBA /* UIKit.framework */; };
		D115539D194F428800ADAEBA /* InfoPlist.strings in Resources */ = {isa = PBXBuildFile; fileRef = D115539B194F428800ADAEBA /* InfoPlist.strings */; };
		D115539F194F428800ADAEBA /* UIViewController_DismissableDemoTests.m in Sources */ = {isa = PBXBuildFile; fileRef = D115539E194F428800ADAEBA /* UIViewController_DismissableDemoTests.m */; };
		D11553AB194F44CE00ADAEBA /* UIViewController+Dismissable.m in Sources */ = {isa = PBXBuildFile; fileRef = D11553AA194F44CE00ADAEBA /* UIViewController+Dismissable.m */; };
/* End PBXBuildFile section */

/* Begin PBXContainerItemProxy section */
		D1155396194F428800ADAEBA /* PBXContainerItemProxy */ = {
			isa = PBXContainerItemProxy;
			containerPortal = D1155368194F428800ADAEBA /* Project object */;
			proxyType = 1;
			remoteGlobalIDString = D115536F194F428800ADAEBA;
			remoteInfo = "UIViewController+DismissableDemo";
		};
/* End PBXContainerItemProxy section */

/* Begin PBXFileReference section */
		D1155370194F428800ADAEBA /* UIViewController+DismissableDemo.app */ = {isa = PBXFileReference; explicitFileType = wrapper.application; includeInIndex = 0; path = "UIViewController+DismissableDemo.app"; sourceTree = BUILT_PRODUCTS_DIR; };
		D1155373194F428800ADAEBA /* Foundation.framework */ = {isa = PBXFileReference; lastKnownFileType = wrapper.framework; name = Foundation.framework; path = System/Library/Frameworks/Foundation.framework; sourceTree = SDKROOT; };
		D1155375194F428800ADAEBA /* CoreGraphics.framework */ = {isa = PBXFileReference; lastKnownFileType = wrapper.framework; name = CoreGraphics.framework; path = System/Library/Frameworks/CoreGraphics.framework; sourceTree = SDKROOT; };
		D1155377194F428800ADAEBA /* UIKit.framework */ = {isa = PBXFileReference; lastKnownFileType = wrapper.framework; name = UIKit.framework; path = System/Library/Frameworks/UIKit.framework; sourceTree = SDKROOT; };
		D115537B194F428800ADAEBA /* UIViewController+DismissableDemo-Info.plist */ = {isa = PBXFileReference; lastKnownFileType = text.plist.xml; path = "UIViewController+DismissableDemo-Info.plist"; sourceTree = "<group>"; };
		D115537D194F428800ADAEBA /* en */ = {isa = PBXFileReference; lastKnownFileType = text.plist.strings; name = en; path = en.lproj/InfoPlist.strings; sourceTree = "<group>"; };
		D115537F194F428800ADAEBA /* main.m */ = {isa = PBXFileReference; lastKnownFileType = sourcecode.c.objc; path = main.m; sourceTree = "<group>"; };
		D1155381194F428800ADAEBA /* UIViewController+DismissableDemo-Prefix.pch */ = {isa = PBXFileReference; lastKnownFileType = sourcecode.c.h; path = "UIViewController+DismissableDemo-Prefix.pch"; sourceTree = "<group>"; };
		D1155382194F428800ADAEBA /* DLAppDelegate.h */ = {isa = PBXFileReference; lastKnownFileType = sourcecode.c.h; path = DLAppDelegate.h; sourceTree = "<group>"; };
		D1155383194F428800ADAEBA /* DLAppDelegate.m */ = {isa = PBXFileReference; lastKnownFileType = sourcecode.c.objc; path = DLAppDelegate.m; sourceTree = "<group>"; };
		D1155386194F428800ADAEBA /* Base */ = {isa = PBXFileReference; lastKnownFileType = file.storyboard; name = Base; path = Base.lproj/Main.storyboard; sourceTree = "<group>"; };
		D1155388194F428800ADAEBA /* DLDismissableViewController.h */ = {isa = PBXFileReference; lastKnownFileType = sourcecode.c.h; path = DLDismissableViewController.h; sourceTree = "<group>"; };
		D1155389194F428800ADAEBA /* DLDismissableViewController.m */ = {isa = PBXFileReference; lastKnownFileType = sourcecode.c.objc; path = DLDismissableViewController.m; sourceTree = "<group>"; };
		D115538B194F428800ADAEBA /* Images.xcassets */ = {isa = PBXFileReference; lastKnownFileType = folder.assetcatalog; path = Images.xcassets; sourceTree = "<group>"; };
		D1155391194F428800ADAEBA /* UIViewController+DismissableDemoTests.xctest */ = {isa = PBXFileReference; explicitFileType = wrapper.cfbundle; includeInIndex = 0; path = "UIViewController+DismissableDemoTests.xctest"; sourceTree = BUILT_PRODUCTS_DIR; };
		D1155392194F428800ADAEBA /* XCTest.framework */ = {isa = PBXFileReference; lastKnownFileType = wrapper.framework; name = XCTest.framework; path = Library/Frameworks/XCTest.framework; sourceTree = DEVELOPER_DIR; };
		D115539A194F428800ADAEBA /* UIViewController+DismissableDemoTests-Info.plist */ = {isa = PBXFileReference; lastKnownFileType = text.plist.xml; path = "UIViewController+DismissableDemoTests-Info.plist"; sourceTree = "<group>"; };
		D115539C194F428800ADAEBA /* en */ = {isa = PBXFileReference; lastKnownFileType = text.plist.strings; name = en; path = en.lproj/InfoPlist.strings; sourceTree = "<group>"; };
		D115539E194F428800ADAEBA /* UIViewController_DismissableDemoTests.m */ = {isa = PBXFileReference; lastKnownFileType = sourcecode.c.objc; path = UIViewController_DismissableDemoTests.m; sourceTree = "<group>"; };
		D11553A9194F44CE00ADAEBA /* UIViewController+Dismissable.h */ = {isa = PBXFileReference; fileEncoding = 4; lastKnownFileType = sourcecode.c.h; path = "UIViewController+Dismissable.h"; sourceTree = "<group>"; };
		D11553AA194F44CE00ADAEBA /* UIViewController+Dismissable.m */ = {isa = PBXFileReference; fileEncoding = 4; lastKnownFileType = sourcecode.c.objc; path = "UIViewController+Dismissable.m"; sourceTree = "<group>"; };
/* End PBXFileReference section */

/* Begin PBXFrameworksBuildPhase section */
		D115536D194F428800ADAEBA /* Frameworks */ = {
			isa = PBXFrameworksBuildPhase;
			buildActionMask = 2147483647;
			files = (
				D1155376194F428800ADAEBA /* CoreGraphics.framework in Frameworks */,
				D1155378194F428800ADAEBA /* UIKit.framework in Frameworks */,
				D1155374194F428800ADAEBA /* Foundation.framework in Frameworks */,
			);
			runOnlyForDeploymentPostprocessing = 0;
		};
		D115538E194F428800ADAEBA /* Frameworks */ = {
			isa = PBXFrameworksBuildPhase;
			buildActionMask = 2147483647;
			files = (
				D1155393194F428800ADAEBA /* XCTest.framework in Frameworks */,
				D1155395194F428800ADAEBA /* UIKit.framework in Frameworks */,
				D1155394194F428800ADAEBA /* Foundation.framework in Frameworks */,
			);
			runOnlyForDeploymentPostprocessing = 0;
		};
/* End PBXFrameworksBuildPhase section */

/* Begin PBXGroup section */
		D1155367194F428800ADAEBA = {
			isa = PBXGroup;
			children = (
				D1155379194F428800ADAEBA /* UIViewController+DismissableDemo */,
				D1155398194F428800ADAEBA /* UIViewController+DismissableDemoTests */,
				D1155372194F428800ADAEBA /* Frameworks */,
				D1155371194F428800ADAEBA /* Products */,
			);
			sourceTree = "<group>";
		};
		D1155371194F428800ADAEBA /* Products */ = {
			isa = PBXGroup;
			children = (
				D1155370194F428800ADAEBA /* UIViewController+DismissableDemo.app */,
				D1155391194F428800ADAEBA /* UIViewController+DismissableDemoTests.xctest */,
			);
			name = Products;
			sourceTree = "<group>";
		};
		D1155372194F428800ADAEBA /* Frameworks */ = {
			isa = PBXGroup;
			children = (
				D1155373194F428800ADAEBA /* Foundation.framework */,
				D1155375194F428800ADAEBA /* CoreGraphics.framework */,
				D1155377194F428800ADAEBA /* UIKit.framework */,
				D1155392194F428800ADAEBA /* XCTest.framework */,
			);
			name = Frameworks;
			sourceTree = "<group>";
		};
		D1155379194F428800ADAEBA /* UIViewController+DismissableDemo */ = {
			isa = PBXGroup;
			children = (
				D11553A8194F44CE00ADAEBA /* UIViewController+Dismissable */,
				D1155382194F428800ADAEBA /* DLAppDelegate.h */,
				D1155383194F428800ADAEBA /* DLAppDelegate.m */,
				D1155385194F428800ADAEBA /* Main.storyboard */,
				D1155388194F428800ADAEBA /* DLDismissableViewController.h */,
				D1155389194F428800ADAEBA /* DLDismissableViewController.m */,
				D115538B194F428800ADAEBA /* Images.xcassets */,
				D115537A194F428800ADAEBA /* Supporting Files */,
			);
			path = "UIViewController+DismissableDemo";
			sourceTree = "<group>";
		};
		D115537A194F428800ADAEBA /* Supporting Files */ = {
			isa = PBXGroup;
			children = (
				D115537B194F428800ADAEBA /* UIViewController+DismissableDemo-Info.plist */,
				D115537C194F428800ADAEBA /* InfoPlist.strings */,
				D115537F194F428800ADAEBA /* main.m */,
				D1155381194F428800ADAEBA /* UIViewController+DismissableDemo-Prefix.pch */,
			);
			name = "Supporting Files";
			sourceTree = "<group>";
		};
		D1155398194F428800ADAEBA /* UIViewController+DismissableDemoTests */ = {
			isa = PBXGroup;
			children = (
				D115539E194F428800ADAEBA /* UIViewController_DismissableDemoTests.m */,
				D1155399194F428800ADAEBA /* Supporting Files */,
			);
			path = "UIViewController+DismissableDemoTests";
			sourceTree = "<group>";
		};
		D1155399194F428800ADAEBA /* Supporting Files */ = {
			isa = PBXGroup;
			children = (
				D115539A194F428800ADAEBA /* UIViewController+DismissableDemoTests-Info.plist */,
				D115539B194F428800ADAEBA /* InfoPlist.strings */,
			);
			name = "Supporting Files";
			sourceTree = "<group>";
		};
		D11553A8194F44CE00ADAEBA /* UIViewController+Dismissable */ = {
			isa = PBXGroup;
			children = (
				D11553A9194F44CE00ADAEBA /* UIViewController+Dismissable.h */,
				D11553AA194F44CE00ADAEBA /* UIViewController+Dismissable.m */,
			);
			name = "UIViewController+Dismissable";
			path = "../../UIViewController+Dismissable";
			sourceTree = "<group>";
		};
/* End PBXGroup section */

/* Begin PBXNativeTarget section */
		D115536F194F428800ADAEBA /* UIViewController+DismissableDemo */ = {
			isa = PBXNativeTarget;
			buildConfigurationList = D11553A2194F428800ADAEBA /* Build configuration list for PBXNativeTarget "UIViewController+DismissableDemo" */;
			buildPhases = (
				D115536C194F428800ADAEBA /* Sources */,
				D115536D194F428800ADAEBA /* Frameworks */,
				D115536E194F428800ADAEBA /* Resources */,
			);
			buildRules = (
			);
			dependencies = (
			);
			name = "UIViewController+DismissableDemo";
			productName = "UIViewController+DismissableDemo";
			productReference = D1155370194F428800ADAEBA /* UIViewController+DismissableDemo.app */;
			productType = "com.apple.product-type.application";
		};
		D1155390194F428800ADAEBA /* UIViewController+DismissableDemoTests */ = {
			isa = PBXNativeTarget;
			buildConfigurationList = D11553A5194F428800ADAEBA /* Build configuration list for PBXNativeTarget "UIViewController+DismissableDemoTests" */;
			buildPhases = (
				D115538D194F428800ADAEBA /* Sources */,
				D115538E194F428800ADAEBA /* Frameworks */,
				D115538F194F428800ADAEBA /* Resources */,
			);
			buildRules = (
			);
			dependencies = (
				D1155397194F428800ADAEBA /* PBXTargetDependency */,
			);
			name = "UIViewController+DismissableDemoTests";
			productName = "UIViewController+DismissableDemoTests";
			productReference = D1155391194F428800ADAEBA /* UIViewController+DismissableDemoTests.xctest */;
			productType = "com.apple.product-type.bundle.unit-test";
		};
/* End PBXNativeTarget section */

/* Begin PBXProject section */
		D1155368194F428800ADAEBA /* Project object */ = {
			isa = PBXProject;
			attributes = {
				CLASSPREFIX = DL;
				LastUpgradeCheck = 0510;
				ORGANIZATIONNAME = "Xingruo Liu";
				TargetAttributes = {
					D1155390194F428800ADAEBA = {
						TestTargetID = D115536F194F428800ADAEBA;
					};
				};
			};
			buildConfigurationList = D115536B194F428800ADAEBA /* Build configuration list for PBXProject "UIViewController+DismissableDemo" */;
			compatibilityVersion = "Xcode 3.2";
			developmentRegion = English;
			hasScannedForEncodings = 0;
			knownRegions = (
				en,
				Base,
			);
			mainGroup = D1155367194F428800ADAEBA;
			productRefGroup = D1155371194F428800ADAEBA /* Products */;
			projectDirPath = "";
			projectRoot = "";
			targets = (
				D115536F194F428800ADAEBA /* UIViewController+DismissableDemo */,
				D1155390194F428800ADAEBA /* UIViewController+DismissableDemoTests */,
			);
		};
/* End PBXProject section */

/* Begin PBXResourcesBuildPhase section */
		D115536E194F428800ADAEBA /* Resources */ = {
			isa = PBXResourcesBuildPhase;
			buildActionMask = 2147483647;
			files = (
				D115538C194F428800ADAEBA /* Images.xcassets in Resources */,
				D115537E194F428800ADAEBA /* InfoPlist.strings in Resources */,
				D1155387194F428800ADAEBA /* Main.storyboard in Resources */,
			);
			runOnlyForDeploymentPostprocessing = 0;
		};
		D115538F194F428800ADAEBA /* Resources */ = {
			isa = PBXResourcesBuildPhase;
			buildActionMask = 2147483647;
			files = (
				D115539D194F428800ADAEBA /* InfoPlist.strings in Resources */,
			);
			runOnlyForDeploymentPostprocessing = 0;
		};
/* End PBXResourcesBuildPhase section */

/* Begin PBXSourcesBuildPhase section */
		D115536C194F428800ADAEBA /* Sources */ = {
			isa = PBXSourcesBuildPhase;
			buildActionMask = 2147483647;
			files = (
				D1155384194F428800ADAEBA /* DLAppDelegate.m in Sources */,
				D11553AB194F44CE00ADAEBA /* UIViewController+Dismissable.m in Sources */,
				D115538A194F428800ADAEBA /* DLDismissableViewController.m in Sources */,
				D1155380194F428800ADAEBA /* main.m in Sources */,
			);
			runOnlyForDeploymentPostprocessing = 0;
		};
		D115538D194F428800ADAEBA /* Sources */ = {
			isa = PBXSourcesBuildPhase;
			buildActionMask = 2147483647;
			files = (
				D115539F194F428800ADAEBA /* UIViewController_DismissableDemoTests.m in Sources */,
			);
			runOnlyForDeploymentPostprocessing = 0;
		};
/* End PBXSourcesBuildPhase section */

/* Begin PBXTargetDependency section */
		D1155397194F428800ADAEBA /* PBXTargetDependency */ = {
			isa = PBXTargetDependency;
			target = D115536F194F428800ADAEBA /* UIViewController+DismissableDemo */;
			targetProxy = D1155396194F428800ADAEBA /* PBXContainerItemProxy */;
		};
/* End PBXTargetDependency section */

/* Begin PBXVariantGroup section */
		D115537C194F428800ADAEBA /* InfoPlist.strings */ = {
			isa = PBXVariantGroup;
			children = (
				D115537D194F428800ADAEBA /* en */,
			);
			name = InfoPlist.strings;
			sourceTree = "<group>";
		};
		D1155385194F428800ADAEBA /* Main.storyboard */ = {
			isa = PBXVariantGroup;
			children = (
				D1155386194F428800ADAEBA /* Base */,
			);
			name = Main.storyboard;
			sourceTree = "<group>";
		};
		D115539B194F428800ADAEBA /* InfoPlist.strings */ = {
			isa = PBXVariantGroup;
			children = (
				D115539C194F428800ADAEBA /* en */,
			);
			name = InfoPlist.strings;
			sourceTree = "<group>";
		};
/* End PBXVariantGroup section */

/* Begin XCBuildConfiguration section */
		D11553A0194F428800ADAEBA /* Debug */ = {
			isa = XCBuildConfiguration;
			buildSettings = {
				ALWAYS_SEARCH_USER_PATHS = NO;
				CLANG_CXX_LANGUAGE_STANDARD = "gnu++0x";
				CLANG_CXX_LIBRARY = "libc++";
				CLANG_ENABLE_MODULES = YES;
				CLANG_ENABLE_OBJC_ARC = YES;
				CLANG_WARN_BOOL_CONVERSION = YES;
				CLANG_WARN_CONSTANT_CONVERSION = YES;
				CLANG_WARN_DIRECT_OBJC_ISA_USAGE = YES_ERROR;
				CLANG_WARN_EMPTY_BODY = YES;
				CLANG_WARN_ENUM_CONVERSION = YES;
				CLANG_WARN_INT_CONVERSION = YES;
				CLANG_WARN_OBJC_ROOT_CLASS = YES_ERROR;
				CLANG_WARN__DUPLICATE_METHOD_MATCH = YES;
				"CODE_SIGN_IDENTITY[sdk=iphoneos*]" = "iPhone Developer";
				COPY_PHASE_STRIP = NO;
				GCC_C_LANGUAGE_STANDARD = gnu99;
				GCC_DYNAMIC_NO_PIC = NO;
				GCC_OPTIMIZATION_LEVEL = 0;
				GCC_PREPROCESSOR_DEFINITIONS = (
					"DEBUG=1",
					"$(inherited)",
				);
				GCC_SYMBOLS_PRIVATE_EXTERN = NO;
				GCC_WARN_64_TO_32_BIT_CONVERSION = YES;
				GCC_WARN_ABOUT_RETURN_TYPE = YES_ERROR;
				GCC_WARN_UNDECLARED_SELECTOR = YES;
				GCC_WARN_UNINITIALIZED_AUTOS = YES_AGGRESSIVE;
				GCC_WARN_UNUSED_FUNCTION = YES;
				GCC_WARN_UNUSED_VARIABLE = YES;
				IPHONEOS_DEPLOYMENT_TARGET = 7.1;
				ONLY_ACTIVE_ARCH = YES;
				SDKROOT = iphoneos;
				TARGETED_DEVICE_FAMILY = 2;
			};
			name = Debug;
		};
		D11553A1194F428800ADAEBA /* Release */ = {
			isa = XCBuildConfiguration;
			buildSettings = {
				ALWAYS_SEARCH_USER_PATHS = NO;
				CLANG_CXX_LANGUAGE_STANDARD = "gnu++0x";
				CLANG_CXX_LIBRARY = "libc++";
				CLANG_ENABLE_MODULES = YES;
				CLANG_ENABLE_OBJC_ARC = YES;
				CLANG_WARN_BOOL_CONVERSION = YES;
				CLANG_WARN_CONSTANT_CONVERSION = YES;
				CLANG_WARN_DIRECT_OBJC_ISA_USAGE = YES_ERROR;
				CLANG_WARN_EMPTY_BODY = YES;
				CLANG_WARN_ENUM_CONVERSION = YES;
				CLANG_WARN_INT_CONVERSION = YES;
				CLANG_WARN_OBJC_ROOT_CLASS = YES_ERROR;
				CLANG_WARN__DUPLICATE_METHOD_MATCH = YES;
				"CODE_SIGN_IDENTITY[sdk=iphoneos*]" = "iPhone Developer";
				COPY_PHASE_STRIP = YES;
				ENABLE_NS_ASSERTIONS = NO;
				GCC_C_LANGUAGE_STANDARD = gnu99;
				GCC_WARN_64_TO_32_BIT_CONVERSION = YES;
				GCC_WARN_ABOUT_RETURN_TYPE = YES_ERROR;
				GCC_WARN_UNDECLARED_SELECTOR = YES;
				GCC_WARN_UNINITIALIZED_AUTOS = YES_AGGRESSIVE;
				GCC_WARN_UNUSED_FUNCTION = YES;
				GCC_WARN_UNUSED_VARIABLE = YES;
				IPHONEOS_DEPLOYMENT_TARGET = 7.1;
				SDKROOT = iphoneos;
				TARGETED_DEVICE_FAMILY = 2;
				VALIDATE_PRODUCT = YES;
			};
			name = Release;
		};
		D11553A3194F428800ADAEBA /* Debug */ = {
			isa = XCBuildConfiguration;
			buildSettings = {
				ASSETCATALOG_COMPILER_APPICON_NAME = AppIcon;
				ASSETCATALOG_COMPILER_LAUNCHIMAGE_NAME = LaunchImage;
				GCC_PRECOMPILE_PREFIX_HEADER = YES;
				GCC_PREFIX_HEADER = "UIViewController+DismissableDemo/UIViewController+DismissableDemo-Prefix.pch";
				INFOPLIST_FILE = "UIViewController+DismissableDemo/UIViewController+DismissableDemo-Info.plist";
				IPHONEOS_DEPLOYMENT_TARGET = 7.0;
				PRODUCT_NAME = "$(TARGET_NAME)";
				WRAPPER_EXTENSION = app;
			};
			name = Debug;
		};
		D11553A4194F428800ADAEBA /* Release */ = {
			isa = XCBuildConfiguration;
			buildSettings = {
				ASSETCATALOG_COMPILER_APPICON_NAME = AppIcon;
				ASSETCATALOG_COMPILER_LAUNCHIMAGE_NAME = LaunchImage;
				GCC_PRECOMPILE_PREFIX_HEADER = YES;
				GCC_PREFIX_HEADER = "UIViewController+DismissableDemo/UIViewController+DismissableDemo-Prefix.pch";
				INFOPLIST_FILE = "UIViewController+DismissableDemo/UIViewController+DismissableDemo-Info.plist";
				IPHONEOS_DEPLOYMENT_TARGET = 7.0;
				PRODUCT_NAME = "$(TARGET_NAME)";
				WRAPPER_EXTENSION = app;
			};
			name = Release;
		};
		D11553A6194F428800ADAEBA /* Debug */ = {
			isa = XCBuildConfiguration;
			buildSettings = {
				BUNDLE_LOADER = "$(BUILT_PRODUCTS_DIR)/UIViewController+DismissableDemo.app/UIViewController+DismissableDemo";
				FRAMEWORK_SEARCH_PATHS = (
					"$(SDKROOT)/Developer/Library/Frameworks",
					"$(inherited)",
					"$(DEVELOPER_FRAMEWORKS_DIR)",
				);
				GCC_PRECOMPILE_PREFIX_HEADER = YES;
				GCC_PREFIX_HEADER = "UIViewController+DismissableDemo/UIViewController+DismissableDemo-Prefix.pch";
				GCC_PREPROCESSOR_DEFINITIONS = (
					"DEBUG=1",
					"$(inherited)",
				);
				INFOPLIST_FILE = "UIViewController+DismissableDemoTests/UIViewController+DismissableDemoTests-Info.plist";
				PRODUCT_NAME = "$(TARGET_NAME)";
				TEST_HOST = "$(BUNDLE_LOADER)";
				WRAPPER_EXTENSION = xctest;
			};
			name = Debug;
		};
		D11553A7194F428800ADAEBA /* Release */ = {
			isa = XCBuildConfiguration;
			buildSettings = {
				BUNDLE_LOADER = "$(BUILT_PRODUCTS_DIR)/UIViewController+DismissableDemo.app/UIViewController+DismissableDemo";
				FRAMEWORK_SEARCH_PATHS = (
					"$(SDKROOT)/Developer/Library/Frameworks",
					"$(inherited)",
					"$(DEVELOPER_FRAMEWORKS_DIR)",
				);
				GCC_PRECOMPILE_PREFIX_HEADER = YES;
				GCC_PREFIX_HEADER = "UIViewController+DismissableDemo/UIViewController+DismissableDemo-Prefix.pch";
				INFOPLIST_FILE = "UIViewController+DismissableDemoTests/UIViewController+DismissableDemoTests-Info.plist";
				PRODUCT_NAME = "$(TARGET_NAME)";
				TEST_HOST = "$(BUNDLE_LOADER)";
				WRAPPER_EXTENSION = xctest;
			};
			name = Release;
		};
/* End XCBuildConfiguration section */

/* Begin XCConfigurationList section */
		D115536B194F428800ADAEBA /* Build configuration list for PBXProject "UIViewController+DismissableDemo" */ = {
			isa = XCConfigurationList;
			buildConfigurations = (
				D11553A0194F428800ADAEBA /* Debug */,
				D11553A1194F428800ADAEBA /* Release */,
			);
			defaultConfigurationIsVisible = 0;
			defaultConfigurationName = Release;
		};
		D11553A2194F428800ADAEBA /* Build configuration list for PBXNativeTarget "UIViewController+DismissableDemo" */ = {
			isa = XCConfigurationList;
			buildConfigurations = (
				D11553A3194F428800ADAEBA /* Debug */,
				D11553A4194F428800ADAEBA /* Release */,
			);
			defaultConfigurationIsVisible = 0;
		};
		D11553A5194F428800ADAEBA /* Build configuration list for PBXNativeTarget "UIViewController+DismissableDemoTests" */ = {
			isa = XCConfigurationList;
			buildConfigurations = (
				D11553A6194F428800ADAEBA /* Debug */,
				D11553A7194F428800ADAEBA /* Release */,
			);
			defaultConfigurationIsVisible = 0;
		};
/* End XCConfigurationList section */
	};
	rootObject = D1155368194F428800ADAEBA /* Project object */;
}
